Microsoft Visual Studio Solution File, Format Version 12.00
# Visual Studio Version 17
VisualStudioVersion = 17.5.2.0
MinimumVisualStudioVersion = 10.0.40219.1
Project("{FAE04EC0-301F-11D3-BF4B-00C04F79EFBC}") = "StudentClinicAPI", "StudentClinicAPI\StudentClinicAPI.csproj", "{6499ACE7-2B10-01E4-ABBE-B09AAEFFFE5E}"
EndProject
Global
	GlobalSection(SolutionConfigurationPlatforms) = preSolution
		Debug|Any CPU = Debug|Any CPU
		Release|Any CPU = Release|Any CPU
	EndGlobalSection
	GlobalSection(ProjectConfigurationPlatforms) = postSolution
		{6499ACE7-2B10-01E4-ABBE-B09AAEFFFE5E}.Debug|Any CPU.ActiveCfg = Debug|Any CPU
		{6499ACE7-2B10-01E4-ABBE-B09AAEFFFE5E}.Debug|Any CPU.Build.0 = Debug|Any CPU
		{6499ACE7-2B10-01E4-ABBE-B09AAEFFFE5E}.Release|Any CPU.ActiveCfg = Release|Any CPU
		{6499ACE7-2B10-01E4-ABBE-B09AAEFFFE5E}.Release|Any CPU.Build.0 = Release|Any CPU
	EndGlobalSection
	GlobalSection(SolutionProperties) = preSolution
		HideSolutionNode = FALSE
	EndGlobalSection
	GlobalSection(ExtensibilityGlobals) = postSolution
		SolutionGuid = {A356F862-2681-4165-B313-8B6CC2CF02AA}
	EndGlobalSection
EndGlobal
